
Microsoft Visual Studio Solution File, Format Version 12.00
# Visual Studio Version 17
VisualStudioVersion = 17.9.34607.119
MinimumVisualStudioVersion = 10.0.40219.1
Project("{FAE04EC0-301F-11D3-BF4B-00C04F79EFBC}") = "Quickselect", "Quickselect\Quickselect.csproj", "{EEEF4809-6806-4C78-B1E2-09EB51299FF5}"
EndProject
Global
	GlobalSection(SolutionConfigurationPlatforms) = preSolution
		Debug|Any CPU = Debug|Any CPU
		Release|Any CPU = Release|Any CPU
	EndGlobalSection
	GlobalSection(ProjectConfigurationPlatforms) = postSolution
		{EEEF4809-6806-4C78-B1E2-09EB51299FF5}.Debug|Any CPU.ActiveCfg = Debug|Any CPU
		{EEEF4809-6806-4C78-B1E2-09EB51299FF5}.Debug|Any CPU.Build.0 = Debug|Any CPU
		{EEEF4809-6806-4C78-B1E2-09EB51299FF5}.Release|Any CPU.ActiveCfg = Release|Any CPU
		{EEEF4809-6806-4C78-B1E2-09EB51299FF5}.Release|Any CPU.Build.0 = Release|Any CPU
	EndGlobalSection
	GlobalSection(SolutionProperties) = preSolution
		HideSolutionNode = FALSE
	EndGlobalSection
	GlobalSection(ExtensibilityGlobals) = postSolution
		SolutionGuid = {02D84AEE-5626-4E2D-9C9C-0B3FAB39036F}
	EndGlobalSection
EndGlobal
